
Microsoft Visual Studio Solution File, Format Version 11.00
# Visual Studio 2010
Project("{FAE04EC0-301F-11D3-BF4B-00C04F79EFBC}") = "Assembly-CSharp", "Assembly-CSharp.csproj", "{27B8AB83-79B3-CF92-B57A-789A3C8116F1}"
EndProject
Project("{FAE04EC0-301F-11D3-BF4B-00C04F79EFBC}") = "Assembly-CSharp-Editor", "Assembly-CSharp-Editor.csproj", "{B2BB89BC-4977-44F1-0ED1-53081F429082}"
EndProject
Global
	GlobalSection(SolutionConfigurationPlatforms) = preSolution
		Debug|Any CPU = Debug|Any CPU
		Release|Any CPU = Release|Any CPU
	EndGlobalSection
	GlobalSection(ProjectConfigurationPlatforms) = postSolution
		{27B8AB83-79B3-CF92-B57A-789A3C8116F1}.Debug|Any CPU.ActiveCfg = Debug|Any CPU
		{27B8AB83-79B3-CF92-B57A-789A3C8116F1}.Debug|Any CPU.Build.0 = Debug|Any CPU
		{27B8AB83-79B3-CF92-B57A-789A3C8116F1}.Release|Any CPU.ActiveCfg = Release|Any CPU
		{27B8AB83-79B3-CF92-B57A-789A3C8116F1}.Release|Any CPU.Build.0 = Release|Any CPU
		{B2BB89BC-4977-44F1-0ED1-53081F429082}.Debug|Any CPU.ActiveCfg = Debug|Any CPU
		{B2BB89BC-4977-44F1-0ED1-53081F429082}.Debug|Any CPU.Build.0 = Debug|Any CPU
		{B2BB89BC-4977-44F1-0ED1-53081F429082}.Release|Any CPU.ActiveCfg = Release|Any CPU
		{B2BB89BC-4977-44F1-0ED1-53081F429082}.Release|Any CPU.Build.0 = Release|Any CPU
	EndGlobalSection
	GlobalSection(SolutionProperties) = preSolution
		HideSolutionNode = FALSE
	EndGlobalSection
EndGlobal
